PODS:
  - Flutter (3.24.100)
  - Module (1.0.0)

DEPENDENCIES:
  - Flutter (from `./Flutter/Flutter.podspec`)
  - Module (from `./Flutter/Module.podspec`)

EXTERNAL SOURCES:
  Flutter:
    :podspec: "./Flutter/Flutter.podspec"
  Module:
    :podspec: "./Flutter/Module.podspec"

SPEC CHECKSUMS:
  Flutter: 8ee901f4739394d3c7e3e6e4a2a06d1ea2ec6bb3
  Module: 0c9f0e2a8f31c60587060ff2f42c7a4cabc8bb1e

PODFILE CHECKSUM: face5f2643eec92a8647b3da086c654cd7fc9dc8

COCOAPODS: 1.15.2
